{
  "requires": true,
  "lockfileVersion": 1,
  "dependencies": {
    "bootstrap": {
      "version": "3.3.7",
      "resolved": "https://registry.npmjs.org/bootstrap/-/bootstrap-3.3.7.tgz",
      "integrity": "sha1-WjiTlFSfIzMIdaOxUGVldPip63E="
    },
    "bootstrap-sweetalert": {
      "version": "1.0.1",
      "resolved": "https://registry.npmjs.org/bootstrap-sweetalert/-/bootstrap-sweetalert-1.0.1.tgz",
      "integrity": "sha1-Fk8+YVUmXNOY1oG0cdVq/f3GXy0=",
      "requires": {
        "bootstrap": "3.3.7"
      }
    }
  }
}
